Microsoft Visual Studio Solution File, Format Version 12.00
# Visual Studio Version 17
VisualStudioVersion = 17.2.32516.85
MinimumVisualStudioVersion = 10.0.40219.1
Project("{FAE04EC0-301F-11D3-BF4B-00C04F79EFBC}") = "rascal_controller", "rascal_controller\rascal_controller.csproj", "{5BE93BA1-4A0C-4D12-BFDA-684BA689D76C}"
EndProject
Project("{FAE04EC0-301F-11D3-BF4B-00C04F79EFBC}") = "rascal_client", "rascal_client\rascal_client.csproj", "{18383199-A52F-4ED5-AEC5-80B2911AF2F4}"
EndProject
Project("{2150E333-8FDC-42A3-9474-1A3956D46DE8}") = "Solution Items", "Solution Items", "{072A9DC8-BFEC-4556-B55B-DB35E3242062}"
	ProjectSection(SolutionItems) = preProject
		communication.xlsx = communication.xlsx
		readresponse.py = readresponse.py
		references.txt = references.txt
		server.py = server.py
	EndProjectSection
EndProject
Global
	GlobalSection(SolutionConfigurationPlatforms) = preSolution
		Debug|Any CPU = Debug|Any CPU
		Debug|x64 = Debug|x64
		Debug|x86 = Debug|x86
		Release|Any CPU = Release|Any CPU
		Release|x64 = Release|x64
		Release|x86 = Release|x86
	EndGlobalSection
	GlobalSection(ProjectConfigurationPlatforms) = postSolution
		{5BE93BA1-4A0C-4D12-BFDA-684BA689D76C}.Debug|Any CPU.ActiveCfg = Debug|Any CPU
		{5BE93BA1-4A0C-4D12-BFDA-684BA689D76C}.Debug|Any CPU.Build.0 = Debug|Any CPU
		{5BE93BA1-4A0C-4D12-BFDA-684BA689D76C}.Debug|x64.ActiveCfg = Debug|x64
		{5BE93BA1-4A0C-4D12-BFDA-684BA689D76C}.Debug|x64.Build.0 = Debug|x64
		{5BE93BA1-4A0C-4D12-BFDA-684BA689D76C}.Debug|x86.ActiveCfg = Debug|x86
		{5BE93BA1-4A0C-4D12-BFDA-684BA689D76C}.Debug|x86.Build.0 = Debug|x86
		{5BE93BA1-4A0C-4D12-BFDA-684BA689D76C}.Release|Any CPU.ActiveCfg = Release|Any CPU
		{5BE93BA1-4A0C-4D12-BFDA-684BA689D76C}.Release|Any CPU.Build.0 = Release|Any CPU
		{5BE93BA1-4A0C-4D12-BFDA-684BA689D76C}.Release|x64.ActiveCfg = Release|x64
		{5BE93BA1-4A0C-4D12-BFDA-684BA689D76C}.Release|x64.Build.0 = Release|x64
		{5BE93BA1-4A0C-4D12-BFDA-684BA689D76C}.Release|x86.ActiveCfg = Release|x86
		{5BE93BA1-4A0C-4D12-BFDA-684BA689D76C}.Release|x86.Build.0 = Release|x86
		{18383199-A52F-4ED5-AEC5-80B2911AF2F4}.Debug|Any CPU.ActiveCfg = Debug|Any CPU
		{18383199-A52F-4ED5-AEC5-80B2911AF2F4}.Debug|Any CPU.Build.0 = Debug|Any CPU
		{18383199-A52F-4ED5-AEC5-80B2911AF2F4}.Debug|x64.ActiveCfg = Debug|Any CPU
		{18383199-A52F-4ED5-AEC5-80B2911AF2F4}.Debug|x64.Build.0 = Debug|Any CPU
		{18383199-A52F-4ED5-AEC5-80B2911AF2F4}.Debug|x86.ActiveCfg = Debug|Any CPU
		{18383199-A52F-4ED5-AEC5-80B2911AF2F4}.Debug|x86.Build.0 = Debug|Any CPU
		{18383199-A52F-4ED5-AEC5-80B2911AF2F4}.Release|Any CPU.ActiveCfg = Release|Any CPU
		{18383199-A52F-4ED5-AEC5-80B2911AF2F4}.Release|Any CPU.Build.0 = Release|Any CPU
		{18383199-A52F-4ED5-AEC5-80B2911AF2F4}.Release|x64.ActiveCfg = Release|Any CPU
		{18383199-A52F-4ED5-AEC5-80B2911AF2F4}.Release|x64.Build.0 = Release|Any CPU
		{18383199-A52F-4ED5-AEC5-80B2911AF2F4}.Release|x86.ActiveCfg = Release|Any CPU
		{18383199-A52F-4ED5-AEC5-80B2911AF2F4}.Release|x86.Build.0 = Release|Any CPU
	EndGlobalSection
	GlobalSection(SolutionProperties) = preSolution
		HideSolutionNode = FALSE
	EndGlobalSection
	GlobalSection(ExtensibilityGlobals) = postSolution
		SolutionGuid = {5A6500E5-C484-4D75-AF38-C62A75D6EF9F}
	EndGlobalSection
EndGlobal
